// !$*UTF8*$!
{
	archiveVersion = 1;
	classes = {
	};
	objectVersion = 50;
	objects = {

/* Begin PBXBuildFile section */
		93347FCB2156B2000074F00C /* AppDelegate.swift in Sources */ = {isa = PBXBuildFile; fileRef = 93347FCA2156B2000074F00C /* AppDelegate.swift */; };
		93347FCD2156B2000074F00C /* ViewController.swift in Sources */ = {isa = PBXBuildFile; fileRef = 93347FCC2156B2000074F00C /* ViewController.swift */; };
		93347FD02156B2000074F00C /* Main.storyboard in Resources */ = {isa = PBXBuildFile; fileRef = 93347FCE2156B2000074F00C /* Main.storyboard */; };
		93347FD22156B21A0074F00C /* Assets.xcassets in Resources */ = {isa = PBXBuildFile; fileRef = 93347FD12156B21A0074F00C /* Assets.xcassets */; };
		93347FD52156B21A0074F00C /* LaunchScreen.storyboard in Resources */ = {isa = PBXBuildFile; fileRef = 93347FD32156B21A0074F00C /* LaunchScreen.storyboard */; };
		93735478216AED62005A3DCE /* Helpers.swift in Sources */ = {isa = PBXBuildFile; fileRef = 93735477216AED62005A3DCE /* Helpers.swift */; };
		93D54AA3215B17D400EE0EC8 /* Card.swift in Sources */ = {isa = PBXBuildFile; fileRef = 93D54AA2215B17D400EE0EC8 /* Card.swift */; };
		93D54AA5215B221E00EE0EC8 /* Deck.swift in Sources */ = {isa = PBXBuildFile; fileRef = 93D54AA4215B221E00EE0EC8 /* Deck.swift */; };
		93D54AA7215B22AC00EE0EC8 /* SetCardGame.swift in Sources */ = {isa = PBXBuildFile; fileRef = 93D54AA6215B22AC00EE0EC8 /* SetCardGame.swift */; };
/* End PBXBuildFile section */

/* Begin PBXFileReference section */
		93347FC72156B2000074F00C /* SetCardGame.app */ = {isa = PBXFileReference; explicitFileType = wrapper.application; includeInIndex = 0; path = SetCardGame.app; sourceTree = BUILT_PRODUCTS_DIR; };
		93347FCA2156B2000074F00C /* AppDelegate.swift */ = {isa = PBXFileReference; lastKnownFileType = sourcecode.swift; path = AppDelegate.swift; sourceTree = "<group>"; };
		93347FCC2156B2000074F00C /* ViewController.swift */ = {isa = PBXFileReference; lastKnownFileType = sourcecode.swift; path = ViewController.swift; sourceTree = "<group>"; };
		93347FCF2156B2000074F00C /* Base */ = {isa = PBXFileReference; lastKnownFileType = file.storyboard; name = Base; path = Base.lproj/Main.storyboard; sourceTree = "<group>"; };
		93347FD12156B21A0074F00C /* Assets.xcassets */ = {isa = PBXFileReference; lastKnownFileType = folder.assetcatalog; path = Assets.xcassets; sourceTree = "<group>"; };
		93347FD42156B21A0074F00C /* Base */ = {isa = PBXFileReference; lastKnownFileType = file.storyboard; name = Base; path = Base.lproj/LaunchScreen.storyboard; sourceTree = "<group>"; };
		93347FD62156B21A0074F00C /* Info.plist */ = {isa = PBXFileReference; lastKnownFileType = text.plist.xml; path = Info.plist; sourceTree = "<group>"; };
		93735477216AED62005A3DCE /* Helpers.swift */ = {isa = PBXFileReference; lastKnownFileType = sourcecode.swift; path = Helpers.swift; sourceTree = "<group>"; };
		93D54AA2215B17D400EE0EC8 /* Card.swift */ = {isa = PBXFileReference; lastKnownFileType = sourcecode.swift; path = Card.swift; sourceTree = "<group>"; };
		93D54AA4215B221E00EE0EC8 /* Deck.swift */ = {isa = PBXFileReference; lastKnownFileType = sourcecode.swift; path = Deck.swift; sourceTree = "<group>"; };
		93D54AA6215B22AC00EE0EC8 /* SetCardGame.swift */ = {isa = PBXFileReference; lastKnownFileType = sourcecode.swift; path = SetCardGame.swift; sourceTree = "<group>"; };
/* End PBXFileReference section */

/* Begin PBXFrameworksBuildPhase section */
		93347FC42156B2000074F00C /* Frameworks */ = {
			isa = PBXFrameworksBuildPhase;
			buildActionMask = 2147483647;
			files = (
			);
			runOnlyForDeploymentPostprocessing = 0;
		};
/* End PBXFrameworksBuildPhase section */

/* Begin PBXGroup section */
		93347FBE2156B2000074F00C = {
			isa = PBXGroup;
			children = (
				93347FC92156B2000074F00C /* SetCardGame */,
				93347FC82156B2000074F00C /* Products */,
			);
			sourceTree = "<group>";
		};
		93347FC82156B2000074F00C /* Products */ = {
			isa = PBXGroup;
			children = (
				93347FC72156B2000074F00C /* SetCardGame.app */,
			);
			name = Products;
			sourceTree = "<group>";
		};
		93347FC92156B2000074F00C /* SetCardGame */ = {
			isa = PBXGroup;
			children = (
				93347FE02156B43D0074F00C /* Storyboards */,
				93347FDF2156B4090074F00C /* Helpers */,
				93347FDE2156B3FA0074F00C /* Models */,
				93347FDD2156B3DD0074F00C /* Controllers */,
				93347FDC2156B3820074F00C /* Supporting Files */,
				93347FD62156B21A0074F00C /* Info.plist */,
			);
			path = SetCardGame;
			sourceTree = "<group>";
		};
		93347FDC2156B3820074F00C /* Supporting Files */ = {
			isa = PBXGroup;
			children = (
				93347FCA2156B2000074F00C /* AppDelegate.swift */,
				93347FD12156B21A0074F00C /* Assets.xcassets */,
				93347FD32156B21A0074F00C /* LaunchScreen.storyboard */,
			);
			path = "Supporting Files";
			sourceTree = "<group>";
		};
		93347FDD2156B3DD0074F00C /* Controllers */ = {
			isa = PBXGroup;
			children = (
				93347FCC2156B2000074F00C /* ViewController.swift */,
			);
			path = Controllers;
			sourceTree = "<group>";
		};
		93347FDE2156B3FA0074F00C /* Models */ = {
			isa = PBXGroup;
			children = (
				93D54AA2215B17D400EE0EC8 /* Card.swift */,
				93D54AA4215B221E00EE0EC8 /* Deck.swift */,
				93D54AA6215B22AC00EE0EC8 /* SetCardGame.swift */,
			);
			path = Models;
			sourceTree = "<group>";
		};
		93347FDF2156B4090074F00C /* Helpers */ = {
			isa = PBXGroup;
			children = (
				93735477216AED62005A3DCE /* Helpers.swift */,
			);
			path = Helpers;
			sourceTree = "<group>";
		};
		93347FE02156B43D0074F00C /* Storyboards */ = {
			isa = PBXGroup;
			children = (
				93347FCE2156B2000074F00C /* Main.storyboard */,
			);
			path = Storyboards;
			sourceTree = "<group>";
		};
/* End PBXGroup section */

/* Begin PBXNativeTarget section */
		93347FC62156B2000074F00C /* SetCardGame */ = {
			isa = PBXNativeTarget;
			buildConfigurationList = 93347FD92156B21A0074F00C /* Build configuration list for PBXNativeTarget "SetCardGame" */;
			buildPhases = (
				93347FC32156B2000074F00C /* Sources */,
				93347FC42156B2000074F00C /* Frameworks */,
				93347FC52156B2000074F00C /* Resources */,
			);
			buildRules = (
			);
			dependencies = (
			);
			name = SetCardGame;
			productName = SetCardGame;
			productReference = 93347FC72156B2000074F00C /* SetCardGame.app */;
			productType = "com.apple.product-type.application";
		};
/* End PBXNativeTarget section */

/* Begin PBXProject section */
		93347FBF2156B2000074F00C /* Project object */ = {
			isa = PBXProject;
			attributes = {
				LastSwiftUpdateCheck = 1000;
				LastUpgradeCheck = 1000;
				ORGANIZATIONNAME = "Reysmer Valle";
				TargetAttributes = {
					93347FC62156B2000074F00C = {
						CreatedOnToolsVersion = 10.0;
					};
				};
			};
			buildConfigurationList = 93347FC22156B2000074F00C /* Build configuration list for PBXProject "SetCardGame" */;
			compatibilityVersion = "Xcode 9.3";
			developmentRegion = en;
			hasScannedForEncodings = 0;
			knownRegions = (
				en,
				Base,
			);
			mainGroup = 93347FBE2156B2000074F00C;
			productRefGroup = 93347FC82156B2000074F00C /* Products */;
			projectDirPath = "";
			projectRoot = "";
			targets = (
				93347FC62156B2000074F00C /* SetCardGame */,
			);
		};
/* End PBXProject section */

/* Begin PBXResourcesBuildPhase section */
		93347FC52156B2000074F00C /* Resources */ = {
			isa = PBXResourcesBuildPhase;
			buildActionMask = 2147483647;
			files = (
				93347FD52156B21A0074F00C /* LaunchScreen.storyboard in Resources */,
				93347FD22156B21A0074F00C /* Assets.xcassets in Resources */,
				93347FD02156B2000074F00C /* Main.storyboard in Resources */,
			);
			runOnlyForDeploymentPostprocessing = 0;
		};
/* End PBXResourcesBuildPhase section */

/* Begin PBXSourcesBuildPhase section */
		93347FC32156B2000074F00C /* Sources */ = {
			isa = PBXSourcesBuildPhase;
			buildActionMask = 2147483647;
			files = (
				93D54AA7215B22AC00EE0EC8 /* SetCardGame.swift in Sources */,
				93735478216AED62005A3DCE /* Helpers.swift in Sources */,
				93D54AA5215B221E00EE0EC8 /* Deck.swift in Sources */,
				93347FCD2156B2000074F00C /* ViewController.swift in Sources */,
				93D54AA3215B17D400EE0EC8 /* Card.swift in Sources */,
				93347FCB2156B2000074F00C /* AppDelegate.swift in Sources */,
			);
			runOnlyForDeploymentPostprocessing = 0;
		};
/* End PBXSourcesBuildPhase section */

/* Begin PBXVariantGroup section */
		93347FCE2156B2000074F00C /* Main.storyboard */ = {
			isa = PBXVariantGroup;
			children = (
				93347FCF2156B2000074F00C /* Base */,
			);
			name = Main.storyboard;
			sourceTree = "<group>";
		};
		93347FD32156B21A0074F00C /* LaunchScreen.storyboard */ = {
			isa = PBXVariantGroup;
			children = (
				93347FD42156B21A0074F00C /* Base */,
			);
			name = LaunchScreen.storyboard;
			sourceTree = "<group>";
		};
/* End PBXVariantGroup section */

/* Begin XCBuildConfiguration section */
		93347FD72156B21A0074F00C /* Debug */ = {
			isa = XCBuildConfiguration;
			buildSettings = {
				ALWAYS_SEARCH_USER_PATHS = NO;
				CLANG_ANALYZER_NONNULL = YES;
				CLANG_ANALYZER_NUMBER_OBJECT_CONVERSION = YES_AGGRESSIVE;
				CLANG_CXX_LANGUAGE_STANDARD = "gnu++14";
				CLANG_CXX_LIBRARY = "libc++";
				CLANG_ENABLE_MODULES = YES;
				CLANG_ENABLE_OBJC_ARC = YES;
				CLANG_ENABLE_OBJC_WEAK = YES;
				CLANG_WARN_BLOCK_CAPTURE_AUTORELEASING = YES;
				CLANG_WARN_BOOL_CONVERSION = YES;
				CLANG_WARN_COMMA = YES;
				CLANG_WARN_CONSTANT_CONVERSION = YES;
				CLANG_WARN_DEPRECATED_OBJC_IMPLEMENTATIONS = YES;
				CLANG_WARN_DIRECT_OBJC_ISA_USAGE = YES_ERROR;
				CLANG_WARN_DOCUMENTATION_COMMENTS = YES;
				CLANG_WARN_EMPTY_BODY = YES;
				CLANG_WARN_ENUM_CONVERSION = YES;
				CLANG_WARN_INFINITE_RECURSION = YES;
				CLANG_WARN_INT_CONVERSION = YES;
				CLANG_WARN_NON_LITERAL_NULL_CONVERSION = YES;
				CLANG_WARN_OBJC_IMPLICIT_RETAIN_SELF = YES;
				CLANG_WARN_OBJC_LITERAL_CONVERSION = YES;
				CLANG_WARN_OBJC_ROOT_CLASS = YES_ERROR;
				CLANG_WARN_RANGE_LOOP_ANALYSIS = YES;
				CLANG_WARN_STRICT_PROTOTYPES = YES;
				CLANG_WARN_SUSPICIOUS_MOVE = YES;
				CLANG_WARN_UNGUARDED_AVAILABILITY = YES_AGGRESSIVE;
				CLANG_WARN_UNREACHABLE_CODE = YES;
				CLANG_WARN__DUPLICATE_METHOD_MATCH = YES;
				CODE_SIGN_IDENTITY = "iPhone Developer";
				COPY_PHASE_STRIP = NO;
				DEBUG_INFORMATION_FORMAT = dwarf;
				ENABLE_STRICT_OBJC_MSGSEND = YES;
				ENABLE_TESTABILITY = YES;
				GCC_C_LANGUAGE_STANDARD = gnu11;
				GCC_DYNAMIC_NO_PIC = NO;
				GCC_NO_COMMON_BLOCKS = YES;
				GCC_OPTIMIZATION_LEVEL = 0;
				GCC_PREPROCESSOR_DEFINITIONS = (
					"DEBUG=1",
					"$(inherited)",
				);
				GCC_WARN_64_TO_32_BIT_CONVERSION = YES;
				GCC_WARN_ABOUT_RETURN_TYPE = YES_ERROR;
				GCC_WARN_UNDECLARED_SELECTOR = YES;
				GCC_WARN_UNINITIALIZED_AUTOS = YES_AGGRESSIVE;
				GCC_WARN_UNUSED_FUNCTION = YES;
				GCC_WARN_UNUSED_VARIABLE = YES;
				IPHONEOS_DEPLOYMENT_TARGET = 12.0;
				MTL_ENABLE_DEBUG_INFO = INCLUDE_SOURCE;
				MTL_FAST_MATH = YES;
				ONLY_ACTIVE_ARCH = YES;
				SDKROOT = iphoneos;
				SWIFT_ACTIVE_COMPILATION_CONDITIONS = DEBUG;
				SWIFT_OPTIMIZATION_LEVEL = "-Onone";
			};
			name = Debug;
		};
		93347FD82156B21A0074F00C /* Release */ = {
			isa = XCBuildConfiguration;
			buildSettings = {
				ALWAYS_SEARCH_USER_PATHS = NO;
				CLANG_ANALYZER_NONNULL = YES;
				CLANG_ANALYZER_NUMBER_OBJECT_CONVERSION = YES_AGGRESSIVE;
				CLANG_CXX_LANGUAGE_STANDARD = "gnu++14";
				CLANG_CXX_LIBRARY = "libc++";
				CLANG_ENABLE_MODULES = YES;
				CLANG_ENABLE_OBJC_ARC = YES;
				CLANG_ENABLE_OBJC_WEAK = YES;
				CLANG_WARN_BLOCK_CAPTURE_AUTORELEASING = YES;
				CLANG_WARN_BOOL_CONVERSION = YES;
				CLANG_WARN_COMMA = YES;
				CLANG_WARN_CONSTANT_CONVERSION = YES;
				CLANG_WARN_DEPRECATED_OBJC_IMPLEMENTATIONS = YES;
				CLANG_WARN_DIRECT_OBJC_ISA_USAGE = YES_ERROR;
				CLANG_WARN_DOCUMENTATION_COMMENTS = YES;
				CLANG_WARN_EMPTY_BODY = YES;
				CLANG_WARN_ENUM_CONVERSION = YES;
				CLANG_WARN_INFINITE_RECURSION = YES;
				CLANG_WARN_INT_CONVERSION = YES;
				CLANG_WARN_NON_LITERAL_NULL_CONVERSION = YES;
				CLANG_WARN_OBJC_IMPLICIT_RETAIN_SELF = YES;
				CLANG_WARN_OBJC_LITERAL_CONVERSION = YES;
				CLANG_WARN_OBJC_ROOT_CLASS = YES_ERROR;
				CLANG_WARN_RANGE_LOOP_ANALYSIS = YES;
				CLANG_WARN_STRICT_PROTOTYPES = YES;
				CLANG_WARN_SUSPICIOUS_MOVE = YES;
				CLANG_WARN_UNGUARDED_AVAILABILITY = YES_AGGRESSIVE;
				CLANG_WARN_UNREACHABLE_CODE = YES;
				CLANG_WARN__DUPLICATE_METHOD_MATCH = YES;
				CODE_SIGN_IDENTITY = "iPhone Developer";
				COPY_PHASE_STRIP = NO;
				DEBUG_INFORMATION_FORMAT = "dwarf-with-dsym";
				ENABLE_NS_ASSERTIONS = NO;
				ENABLE_STRICT_OBJC_MSGSEND = YES;
				GCC_C_LANGUAGE_STANDARD = gnu11;
				GCC_NO_COMMON_BLOCKS = YES;
				GCC_WARN_64_TO_32_BIT_CONVERSION = YES;
				GCC_WARN_ABOUT_RETURN_TYPE = YES_ERROR;
				GCC_WARN_UNDECLARED_SELECTOR = YES;
				GCC_WARN_UNINITIALIZED_AUTOS = YES_AGGRESSIVE;
				GCC_WARN_UNUSED_FUNCTION = YES;
				GCC_WARN_UNUSED_VARIABLE = YES;
				IPHONEOS_DEPLOYMENT_TARGET = 12.0;
				MTL_ENABLE_DEBUG_INFO = NO;
				MTL_FAST_MATH = YES;
				SDKROOT = iphoneos;
				SWIFT_COMPILATION_MODE = wholemodule;
				SWIFT_OPTIMIZATION_LEVEL = "-O";
				VALIDATE_PRODUCT = YES;
			};
			name = Release;
		};
		93347FDA2156B21A0074F00C /* Debug */ = {
			isa = XCBuildConfiguration;
			buildSettings = {
				ASSETCATALOG_COMPILER_APPICON_NAME = AppIcon;
				CODE_SIGN_STYLE = Automatic;
				INFOPLIST_FILE = SetCardGame/Info.plist;
				LD_RUNPATH_SEARCH_PATHS = (
					"$(inherited)",
					"@executable_path/Frameworks",
				);
				PRODUCT_BUNDLE_IDENTIFIER = com.reysmervalle.SetCardGame;
				PRODUCT_NAME = "$(TARGET_NAME)";
				SWIFT_VERSION = 4.2;
				TARGETED_DEVICE_FAMILY = "1,2";
			};
			name = Debug;
		};
		93347FDB2156B21A0074F00C /* Release */ = {
			isa = XCBuildConfiguration;
			buildSettings = {
				ASSETCATALOG_COMPILER_APPICON_NAME = AppIcon;
				CODE_SIGN_STYLE = Automatic;
				INFOPLIST_FILE = SetCardGame/Info.plist;
				LD_RUNPATH_SEARCH_PATHS = (
					"$(inherited)",
					"@executable_path/Frameworks",
				);
				PRODUCT_BUNDLE_IDENTIFIER = com.reysmervalle.SetCardGame;
				PRODUCT_NAME = "$(TARGET_NAME)";
				SWIFT_VERSION = 4.2;
				TARGETED_DEVICE_FAMILY = "1,2";
			};
			name = Release;
		};
/* End XCBuildConfiguration section */

/* Begin XCConfigurationList section */
		93347FC22156B2000074F00C /* Build configuration list for PBXProject "SetCardGame" */ = {
			isa = XCConfigurationList;
			buildConfigurations = (
				93347FD72156B21A0074F00C /* Debug */,
				93347FD82156B21A0074F00C /* Release */,
			);
			defaultConfigurationIsVisible = 0;
			defaultConfigurationName = Release;
		};
		93347FD92156B21A0074F00C /* Build configuration list for PBXNativeTarget "SetCardGame" */ = {
			isa = XCConfigurationList;
			buildConfigurations = (
				93347FDA2156B21A0074F00C /* Debug */,
				93347FDB2156B21A0074F00C /* Release */,
			);
			defaultConfigurationIsVisible = 0;
			defaultConfigurationName = Release;
		};
/* End XCConfigurationList section */
	};
	rootObject = 93347FBF2156B2000074F00C /* Project object */;
}
